// !$*UTF8*$!
{
	archiveVersion = 1;
	classes = {
	};
	objectVersion = 50;
	objects = {

/* Begin PBXBuildFile section */
		1129184F22DC4BAC00188FA5 /* PuzzleViewController.swift in Sources */ = {isa = PBXBuildFile; fileRef = 1129184E22DC4BAC00188FA5 /* PuzzleViewController.swift */; };
		1129185122DC4FAD00188FA5 /* UIImage+extensions.swift in Sources */ = {isa = PBXBuildFile; fileRef = 1129185022DC4FAD00188FA5 /* UIImage+extensions.swift */; };
		1140EC0A22DA3B1200336745 /* GridIconButton.xib in Resources */ = {isa = PBXBuildFile; fileRef = 1140EC0922DA3B1200336745 /* GridIconButton.xib */; };
		1140EC0C22DA3BD800336745 /* GridIconButton.swift in Sources */ = {isa = PBXBuildFile; fileRef = 1140EC0B22DA3BD800336745 /* GridIconButton.swift */; };
		1143595822DB388600E3F365 /* SelectedImageViewController.swift in Sources */ = {isa = PBXBuildFile; fileRef = 1143595722DB388600E3F365 /* SelectedImageViewController.swift */; };
		1143595D22DB4ABE00E3F365 /* UIImageView+extensions.swift in Sources */ = {isa = PBXBuildFile; fileRef = 1143595C22DB4ABE00E3F365 /* UIImageView+extensions.swift */; };
		1160848222DC6E0200AF495D /* UIView+extensions.swift in Sources */ = {isa = PBXBuildFile; fileRef = 1160848122DC6E0200AF495D /* UIView+extensions.swift */; };
		116A78A422DB4BE50014C151 /* BorderImageView.swift in Sources */ = {isa = PBXBuildFile; fileRef = 116A78A322DB4BE50014C151 /* BorderImageView.swift */; };
		11F41A3622D9EFC200782D5A /* AppDelegate.swift in Sources */ = {isa = PBXBuildFile; fileRef = 11F41A3522D9EFC200782D5A /* AppDelegate.swift */; };
		11F41A3822D9EFC200782D5A /* PickImageViewController.swift in Sources */ = {isa = PBXBuildFile; fileRef = 11F41A3722D9EFC200782D5A /* PickImageViewController.swift */; };
		11F41A3B22D9EFC200782D5A /* Main.storyboard in Resources */ = {isa = PBXBuildFile; fileRef = 11F41A3922D9EFC200782D5A /* Main.storyboard */; };
		11F41A3D22D9EFC300782D5A /* Assets.xcassets in Resources */ = {isa = PBXBuildFile; fileRef = 11F41A3C22D9EFC300782D5A /* Assets.xcassets */; };
		11F41A4022D9EFC300782D5A /* LaunchScreen.storyboard in Resources */ = {isa = PBXBuildFile; fileRef = 11F41A3E22D9EFC300782D5A /* LaunchScreen.storyboard */; };
		8DF2030923B8B614003B12EF /* GridedImageCollectionViewCell.swift in Sources */ = {isa = PBXBuildFile; fileRef = 8DF2030823B8B614003B12EF /* GridedImageCollectionViewCell.swift */; };
/* End PBXBuildFile section */

/* Begin PBXFileReference section */
		1129184E22DC4BAC00188FA5 /* PuzzleViewController.swift */ = {isa = PBXFileReference; lastKnownFileType = sourcecode.swift; path = PuzzleViewController.swift; sourceTree = "<group>"; };
		1129185022DC4FAD00188FA5 /* UIImage+extensions.swift */ = {isa = PBXFileReference; lastKnownFileType = sourcecode.swift; path = "UIImage+extensions.swift"; sourceTree = "<group>"; };
		1140EC0922DA3B1200336745 /* GridIconButton.xib */ = {isa = PBXFileReference; lastKnownFileType = file.xib; path = GridIconButton.xib; sourceTree = "<group>"; };
		1140EC0B22DA3BD800336745 /* GridIconButton.swift */ = {isa = PBXFileReference; lastKnownFileType = sourcecode.swift; path = GridIconButton.swift; sourceTree = "<group>"; };
		1143595722DB388600E3F365 /* SelectedImageViewController.swift */ = {isa = PBXFileReference; lastKnownFileType = sourcecode.swift; path = SelectedImageViewController.swift; sourceTree = "<group>"; };
		1143595C22DB4ABE00E3F365 /* UIImageView+extensions.swift */ = {isa = PBXFileReference; lastKnownFileType = sourcecode.swift; path = "UIImageView+extensions.swift"; sourceTree = "<group>"; };
		1160848122DC6E0200AF495D /* UIView+extensions.swift */ = {isa = PBXFileReference; lastKnownFileType = sourcecode.swift; path = "UIView+extensions.swift"; sourceTree = "<group>"; };
		116A78A322DB4BE50014C151 /* BorderImageView.swift */ = {isa = PBXFileReference; lastKnownFileType = sourcecode.swift; path = BorderImageView.swift; sourceTree = "<group>"; };
		11F41A3222D9EFC200782D5A /* GridlyApp.app */ = {isa = PBXFileReference; explicitFileType = wrapper.application; includeInIndex = 0; path = GridlyApp.app; sourceTree = BUILT_PRODUCTS_DIR; };
		11F41A3522D9EFC200782D5A /* AppDelegate.swift */ = {isa = PBXFileReference; lastKnownFileType = sourcecode.swift; path = AppDelegate.swift; sourceTree = "<group>"; };
		11F41A3722D9EFC200782D5A /* PickImageViewController.swift */ = {isa = PBXFileReference; lastKnownFileType = sourcecode.swift; path = PickImageViewController.swift; sourceTree = "<group>"; };
		11F41A3A22D9EFC200782D5A /* Base */ = {isa = PBXFileReference; lastKnownFileType = file.storyboard; name = Base; path = Base.lproj/Main.storyboard; sourceTree = "<group>"; };
		11F41A3C22D9EFC300782D5A /* Assets.xcassets */ = {isa = PBXFileReference; lastKnownFileType = folder.assetcatalog; path = Assets.xcassets; sourceTree = "<group>"; };
		11F41A3F22D9EFC300782D5A /* Base */ = {isa = PBXFileReference; lastKnownFileType = file.storyboard; name = Base; path = Base.lproj/LaunchScreen.storyboard; sourceTree = "<group>"; };
		11F41A4122D9EFC300782D5A /* Info.plist */ = {isa = PBXFileReference; lastKnownFileType = text.plist.xml; path = Info.plist; sourceTree = "<group>"; };
		8DF2030823B8B614003B12EF /* GridedImageCollectionViewCell.swift */ = {isa = PBXFileReference; lastKnownFileType = sourcecode.swift; path = GridedImageCollectionViewCell.swift; sourceTree = "<group>"; };
/* End PBXFileReference section */

/* Begin PBXFrameworksBuildPhase section */
		11F41A2F22D9EFC100782D5A /* Frameworks */ = {
			isa = PBXFrameworksBuildPhase;
			buildActionMask = 2147483647;
			files = (
			);
			runOnlyForDeploymentPostprocessing = 0;
		};
/* End PBXFrameworksBuildPhase section */

/* Begin PBXGroup section */
		1143595922DB48AB00E3F365 /* Extensions */ = {
			isa = PBXGroup;
			children = (
				1143595C22DB4ABE00E3F365 /* UIImageView+extensions.swift */,
				1129185022DC4FAD00188FA5 /* UIImage+extensions.swift */,
				1160848122DC6E0200AF495D /* UIView+extensions.swift */,
			);
			path = Extensions;
			sourceTree = "<group>";
		};
		11F41A2922D9EFC100782D5A = {
			isa = PBXGroup;
			children = (
				11F41A3422D9EFC200782D5A /* GridlyApp */,
				11F41A3322D9EFC200782D5A /* Products */,
			);
			sourceTree = "<group>";
		};
		11F41A3322D9EFC200782D5A /* Products */ = {
			isa = PBXGroup;
			children = (
				11F41A3222D9EFC200782D5A /* GridlyApp.app */,
			);
			name = Products;
			sourceTree = "<group>";
		};
		11F41A3422D9EFC200782D5A /* GridlyApp */ = {
			isa = PBXGroup;
			children = (
				1143595922DB48AB00E3F365 /* Extensions */,
				11F41A4922DA144700782D5A /* CustomViews */,
				11F41A4822DA0DA100782D5A /* Controller */,
				11F41A4722DA0D8C00782D5A /* View */,
				11F41A3522D9EFC200782D5A /* AppDelegate.swift */,
				11F41A3C22D9EFC300782D5A /* Assets.xcassets */,
				11F41A3E22D9EFC300782D5A /* LaunchScreen.storyboard */,
				11F41A4122D9EFC300782D5A /* Info.plist */,
			);
			path = GridlyApp;
			sourceTree = "<group>";
		};
		11F41A4722DA0D8C00782D5A /* View */ = {
			isa = PBXGroup;
			children = (
				11F41A3922D9EFC200782D5A /* Main.storyboard */,
			);
			path = View;
			sourceTree = "<group>";
		};
		11F41A4822DA0DA100782D5A /* Controller */ = {
			isa = PBXGroup;
			children = (
				11F41A3722D9EFC200782D5A /* PickImageViewController.swift */,
				1143595722DB388600E3F365 /* SelectedImageViewController.swift */,
				1129184E22DC4BAC00188FA5 /* PuzzleViewController.swift */,
				8DF2030823B8B614003B12EF /* GridedImageCollectionViewCell.swift */,
			);
			path = Controller;
			sourceTree = "<group>";
		};
		11F41A4922DA144700782D5A /* CustomViews */ = {
			isa = PBXGroup;
			children = (
				1140EC0922DA3B1200336745 /* GridIconButton.xib */,
				1140EC0B22DA3BD800336745 /* GridIconButton.swift */,
				116A78A322DB4BE50014C151 /* BorderImageView.swift */,
			);
			path = CustomViews;
			sourceTree = "<group>";
		};
/* End PBXGroup section */

/* Begin PBXNativeTarget section */
		11F41A3122D9EFC100782D5A /* GridlyApp */ = {
			isa = PBXNativeTarget;
			buildConfigurationList = 11F41A4422D9EFC300782D5A /* Build configuration list for PBXNativeTarget "GridlyApp" */;
			buildPhases = (
				11F41A2E22D9EFC100782D5A /* Sources */,
				11F41A2F22D9EFC100782D5A /* Frameworks */,
				11F41A3022D9EFC100782D5A /* Resources */,
			);
			buildRules = (
			);
			dependencies = (
			);
			name = GridlyApp;
			productName = GridlyApp;
			productReference = 11F41A3222D9EFC200782D5A /* GridlyApp.app */;
			productType = "com.apple.product-type.application";
		};
/* End PBXNativeTarget section */

/* Begin PBXProject section */
		11F41A2A22D9EFC100782D5A /* Project object */ = {
			isa = PBXProject;
			attributes = {
				LastSwiftUpdateCheck = 1020;
				LastUpgradeCheck = 1020;
				ORGANIZATIONNAME = "Fatima Salhi";
				TargetAttributes = {
					11F41A3122D9EFC100782D5A = {
						CreatedOnToolsVersion = 10.2.1;
					};
				};
			};
			buildConfigurationList = 11F41A2D22D9EFC100782D5A /* Build configuration list for PBXProject "GridlyApp" */;
			compatibilityVersion = "Xcode 9.3";
			developmentRegion = en;
			hasScannedForEncodings = 0;
			knownRegions = (
				en,
				Base,
			);
			mainGroup = 11F41A2922D9EFC100782D5A;
			productRefGroup = 11F41A3322D9EFC200782D5A /* Products */;
			projectDirPath = "";
			projectRoot = "";
			targets = (
				11F41A3122D9EFC100782D5A /* GridlyApp */,
			);
		};
/* End PBXProject section */

/* Begin PBXResourcesBuildPhase section */
		11F41A3022D9EFC100782D5A /* Resources */ = {
			isa = PBXResourcesBuildPhase;
			buildActionMask = 2147483647;
			files = (
				11F41A4022D9EFC300782D5A /* LaunchScreen.storyboard in Resources */,
				11F41A3D22D9EFC300782D5A /* Assets.xcassets in Resources */,
				1140EC0A22DA3B1200336745 /* GridIconButton.xib in Resources */,
				11F41A3B22D9EFC200782D5A /* Main.storyboard in Resources */,
			);
			runOnlyForDeploymentPostprocessing = 0;
		};
/* End PBXResourcesBuildPhase section */

/* Begin PBXSourcesBuildPhase section */
		11F41A2E22D9EFC100782D5A /* Sources */ = {
			isa = PBXSourcesBuildPhase;
			buildActionMask = 2147483647;
			files = (
				1140EC0C22DA3BD800336745 /* GridIconButton.swift in Sources */,
				1143595822DB388600E3F365 /* SelectedImageViewController.swift in Sources */,
				1129184F22DC4BAC00188FA5 /* PuzzleViewController.swift in Sources */,
				11F41A3822D9EFC200782D5A /* PickImageViewController.swift in Sources */,
				11F41A3622D9EFC200782D5A /* AppDelegate.swift in Sources */,
				116A78A422DB4BE50014C151 /* BorderImageView.swift in Sources */,
				1160848222DC6E0200AF495D /* UIView+extensions.swift in Sources */,
				8DF2030923B8B614003B12EF /* GridedImageCollectionViewCell.swift in Sources */,
				1143595D22DB4ABE00E3F365 /* UIImageView+extensions.swift in Sources */,
				1129185122DC4FAD00188FA5 /* UIImage+extensions.swift in Sources */,
			);
			runOnlyForDeploymentPostprocessing = 0;
		};
/* End PBXSourcesBuildPhase section */

/* Begin PBXVariantGroup section */
		11F41A3922D9EFC200782D5A /* Main.storyboard */ = {
			isa = PBXVariantGroup;
			children = (
				11F41A3A22D9EFC200782D5A /* Base */,
			);
			name = Main.storyboard;
			sourceTree = "<group>";
		};
		11F41A3E22D9EFC300782D5A /* LaunchScreen.storyboard */ = {
			isa = PBXVariantGroup;
			children = (
				11F41A3F22D9EFC300782D5A /* Base */,
			);
			name = LaunchScreen.storyboard;
			sourceTree = "<group>";
		};
/* End PBXVariantGroup section */

/* Begin XCBuildConfiguration section */
		11F41A4222D9EFC300782D5A /* Debug */ = {
			isa = XCBuildConfiguration;
			buildSettings = {
				ALWAYS_SEARCH_USER_PATHS = NO;
				CLANG_ANALYZER_NONNULL = YES;
				CLANG_ANALYZER_NUMBER_OBJECT_CONVERSION = YES_AGGRESSIVE;
				CLANG_CXX_LANGUAGE_STANDARD = "gnu++14";
				CLANG_CXX_LIBRARY = "libc++";
				CLANG_ENABLE_MODULES = YES;
				CLANG_ENABLE_OBJC_ARC = YES;
				CLANG_ENABLE_OBJC_WEAK = YES;
				CLANG_WARN_BLOCK_CAPTURE_AUTORELEASING = YES;
				CLANG_WARN_BOOL_CONVERSION = YES;
				CLANG_WARN_COMMA = YES;
				CLANG_WARN_CONSTANT_CONVERSION = YES;
				CLANG_WARN_DEPRECATED_OBJC_IMPLEMENTATIONS = YES;
				CLANG_WARN_DIRECT_OBJC_ISA_USAGE = YES_ERROR;
				CLANG_WARN_DOCUMENTATION_COMMENTS = YES;
				CLANG_WARN_EMPTY_BODY = YES;
				CLANG_WARN_ENUM_CONVERSION = YES;
				CLANG_WARN_INFINITE_RECURSION = YES;
				CLANG_WARN_INT_CONVERSION = YES;
				CLANG_WARN_NON_LITERAL_NULL_CONVERSION = YES;
				CLANG_WARN_OBJC_IMPLICIT_RETAIN_SELF = YES;
				CLANG_WARN_OBJC_LITERAL_CONVERSION = YES;
				CLANG_WARN_OBJC_ROOT_CLASS = YES_ERROR;
				CLANG_WARN_RANGE_LOOP_ANALYSIS = YES;
				CLANG_WARN_STRICT_PROTOTYPES = YES;
				CLANG_WARN_SUSPICIOUS_MOVE = YES;
				CLANG_WARN_UNGUARDED_AVAILABILITY = YES_AGGRESSIVE;
				CLANG_WARN_UNREACHABLE_CODE = YES;
				CLANG_WARN__DUPLICATE_METHOD_MATCH = YES;
				CODE_SIGN_IDENTITY = "iPhone Developer";
				COPY_PHASE_STRIP = NO;
				DEBUG_INFORMATION_FORMAT = dwarf;
				ENABLE_STRICT_OBJC_MSGSEND = YES;
				ENABLE_TESTABILITY = YES;
				GCC_C_LANGUAGE_STANDARD = gnu11;
				GCC_DYNAMIC_NO_PIC = NO;
				GCC_NO_COMMON_BLOCKS = YES;
				GCC_OPTIMIZATION_LEVEL = 0;
				GCC_PREPROCESSOR_DEFINITIONS = (
					"DEBUG=1",
					"$(inherited)",
				);
				GCC_WARN_64_TO_32_BIT_CONVERSION = YES;
				GCC_WARN_ABOUT_RETURN_TYPE = YES_ERROR;
				GCC_WARN_UNDECLARED_SELECTOR = YES;
				GCC_WARN_UNINITIALIZED_AUTOS = YES_AGGRESSIVE;
				GCC_WARN_UNUSED_FUNCTION = YES;
				GCC_WARN_UNUSED_VARIABLE = YES;
				IPHONEOS_DEPLOYMENT_TARGET = 12.2;
				MTL_ENABLE_DEBUG_INFO = INCLUDE_SOURCE;
				MTL_FAST_MATH = YES;
				ONLY_ACTIVE_ARCH = YES;
				SDKROOT = iphoneos;
				SWIFT_ACTIVE_COMPILATION_CONDITIONS = DEBUG;
				SWIFT_OPTIMIZATION_LEVEL = "-Onone";
			};
			name = Debug;
		};
		11F41A4322D9EFC300782D5A /* Release */ = {
			isa = XCBuildConfiguration;
			buildSettings = {
				ALWAYS_SEARCH_USER_PATHS = NO;
				CLANG_ANALYZER_NONNULL = YES;
				CLANG_ANALYZER_NUMBER_OBJECT_CONVERSION = YES_AGGRESSIVE;
				CLANG_CXX_LANGUAGE_STANDARD = "gnu++14";
				CLANG_CXX_LIBRARY = "libc++";
				CLANG_ENABLE_MODULES = YES;
				CLANG_ENABLE_OBJC_ARC = YES;
				CLANG_ENABLE_OBJC_WEAK = YES;
				CLANG_WARN_BLOCK_CAPTURE_AUTORELEASING = YES;
				CLANG_WARN_BOOL_CONVERSION = YES;
				CLANG_WARN_COMMA = YES;
				CLANG_WARN_CONSTANT_CONVERSION = YES;
				CLANG_WARN_DEPRECATED_OBJC_IMPLEMENTATIONS = YES;
				CLANG_WARN_DIRECT_OBJC_ISA_USAGE = YES_ERROR;
				CLANG_WARN_DOCUMENTATION_COMMENTS = YES;
				CLANG_WARN_EMPTY_BODY = YES;
				CLANG_WARN_ENUM_CONVERSION = YES;
				CLANG_WARN_INFINITE_RECURSION = YES;
				CLANG_WARN_INT_CONVERSION = YES;
				CLANG_WARN_NON_LITERAL_NULL_CONVERSION = YES;
				CLANG_WARN_OBJC_IMPLICIT_RETAIN_SELF = YES;
				CLANG_WARN_OBJC_LITERAL_CONVERSION = YES;
				CLANG_WARN_OBJC_ROOT_CLASS = YES_ERROR;
				CLANG_WARN_RANGE_LOOP_ANALYSIS = YES;
				CLANG_WARN_STRICT_PROTOTYPES = YES;
				CLANG_WARN_SUSPICIOUS_MOVE = YES;
				CLANG_WARN_UNGUARDED_AVAILABILITY = YES_AGGRESSIVE;
				CLANG_WARN_UNREACHABLE_CODE = YES;
				CLANG_WARN__DUPLICATE_METHOD_MATCH = YES;
				CODE_SIGN_IDENTITY = "iPhone Developer";
				COPY_PHASE_STRIP = NO;
				DEBUG_INFORMATION_FORMAT = "dwarf-with-dsym";
				ENABLE_NS_ASSERTIONS = NO;
				ENABLE_STRICT_OBJC_MSGSEND = YES;
				GCC_C_LANGUAGE_STANDARD = gnu11;
				GCC_NO_COMMON_BLOCKS = YES;
				GCC_WARN_64_TO_32_BIT_CONVERSION = YES;
				GCC_WARN_ABOUT_RETURN_TYPE = YES_ERROR;
				GCC_WARN_UNDECLARED_SELECTOR = YES;
				GCC_WARN_UNINITIALIZED_AUTOS = YES_AGGRESSIVE;
				GCC_WARN_UNUSED_FUNCTION = YES;
				GCC_WARN_UNUSED_VARIABLE = YES;
				IPHONEOS_DEPLOYMENT_TARGET = 12.2;
				MTL_ENABLE_DEBUG_INFO = NO;
				MTL_FAST_MATH = YES;
				SDKROOT = iphoneos;
				SWIFT_COMPILATION_MODE = wholemodule;
				SWIFT_OPTIMIZATION_LEVEL = "-O";
				VALIDATE_PRODUCT = YES;
			};
			name = Release;
		};
		11F41A4522D9EFC300782D5A /* Debug */ = {
			isa = XCBuildConfiguration;
			buildSettings = {
				ASSETCATALOG_COMPILER_APPICON_NAME = AppIcon;
				CODE_SIGN_STYLE = Manual;
				DEVELOPMENT_TEAM = "";
				INFOPLIST_FILE = GridlyApp/Info.plist;
				LD_RUNPATH_SEARCH_PATHS = (
					"$(inherited)",
					"@executable_path/Frameworks",
				);
				PRODUCT_BUNDLE_IDENTIFIER = com.fatimasalhi.Gridly;
				PRODUCT_NAME = "$(TARGET_NAME)";
				PROVISIONING_PROFILE_SPECIFIER = "";
				SWIFT_VERSION = 5.0;
				TARGETED_DEVICE_FAMILY = "1,2";
			};
			name = Debug;
		};
		11F41A4622D9EFC300782D5A /* Release */ = {
			isa = XCBuildConfiguration;
			buildSettings = {
				ASSETCATALOG_COMPILER_APPICON_NAME = AppIcon;
				CODE_SIGN_STYLE = Manual;
				DEVELOPMENT_TEAM = "";
				INFOPLIST_FILE = GridlyApp/Info.plist;
				LD_RUNPATH_SEARCH_PATHS = (
					"$(inherited)",
					"@executable_path/Frameworks",
				);
				PRODUCT_BUNDLE_IDENTIFIER = com.fatimasalhi.Gridly;
				PRODUCT_NAME = "$(TARGET_NAME)";
				PROVISIONING_PROFILE_SPECIFIER = "";
				SWIFT_VERSION = 5.0;
				TARGETED_DEVICE_FAMILY = "1,2";
			};
			name = Release;
		};
/* End XCBuildConfiguration section */

/* Begin XCConfigurationList section */
		11F41A2D22D9EFC100782D5A /* Build configuration list for PBXProject "GridlyApp" */ = {
			isa = XCConfigurationList;
			buildConfigurations = (
				11F41A4222D9EFC300782D5A /* Debug */,
				11F41A4322D9EFC300782D5A /* Release */,
			);
			defaultConfigurationIsVisible = 0;
			defaultConfigurationName = Release;
		};
		11F41A4422D9EFC300782D5A /* Build configuration list for PBXNativeTarget "GridlyApp" */ = {
			isa = XCConfigurationList;
			buildConfigurations = (
				11F41A4522D9EFC300782D5A /* Debug */,
				11F41A4622D9EFC300782D5A /* Release */,
			);
			defaultConfigurationIsVisible = 0;
			defaultConfigurationName = Release;
		};
/* End XCConfigurationList section */
	};
	rootObject = 11F41A2A22D9EFC100782D5A /* Project object */;
}
